
Microsoft Visual Studio Solution File, Format Version 12.00
# Visual Studio Version 16
VisualStudioVersion = 16.0.31729.503
MinimumVisualStudioVersion = 10.0.40219.1
Project("{FAE04EC0-301F-11D3-BF4B-00C04F79EFBC}") = "QLNH_APIs", "QLNH_APIs\QLNH_APIs.csproj", "{4532C5DC-1C7A-4771-80D9-4802BD564B04}"
EndProject
Global
	GlobalSection(SolutionConfigurationPlatforms) = preSolution
		Debug|Any CPU = Debug|Any CPU
		Release|Any CPU = Release|Any CPU
	EndGlobalSection
	GlobalSection(ProjectConfigurationPlatforms) = postSolution
		{4532C5DC-1C7A-4771-80D9-4802BD564B04}.Debug|Any CPU.ActiveCfg = Debug|Any CPU
		{4532C5DC-1C7A-4771-80D9-4802BD564B04}.Debug|Any CPU.Build.0 = Debug|Any CPU
		{4532C5DC-1C7A-4771-80D9-4802BD564B04}.Release|Any CPU.ActiveCfg = Release|Any CPU
		{4532C5DC-1C7A-4771-80D9-4802BD564B04}.Release|Any CPU.Build.0 = Release|Any CPU
	EndGlobalSection
	GlobalSection(SolutionProperties) = preSolution
		HideSolutionNode = FALSE
	EndGlobalSection
	GlobalSection(ExtensibilityGlobals) = postSolution
		SolutionGuid = {E688DF68-FFFC-490E-9F3D-D839B0E19EB4}
	EndGlobalSection
EndGlobal
